
Microsoft Visual Studio Solution File, Format Version 12.00
# Visual Studio Version 17
VisualStudioVersion = 17.1.32319.34
MinimumVisualStudioVersion = 10.0.40219.1
Project("{FAE04EC0-301F-11D3-BF4B-00C04F79EFBC}") = "Formulário", "Formulário\Formulário.csproj", "{78F68087-7D72-47B3-9700-DC9030302BA1}"
EndProject
Global
	GlobalSection(SolutionConfigurationPlatforms) = preSolution
		Debug|Any CPU = Debug|Any CPU
		Release|Any CPU = Release|Any CPU
	EndGlobalSection
	GlobalSection(ProjectConfigurationPlatforms) = postSolution
		{78F68087-7D72-47B3-9700-DC9030302BA1}.Debug|Any CPU.ActiveCfg = Debug|Any CPU
		{78F68087-7D72-47B3-9700-DC9030302BA1}.Debug|Any CPU.Build.0 = Debug|Any CPU
		{78F68087-7D72-47B3-9700-DC9030302BA1}.Release|Any CPU.ActiveCfg = Release|Any CPU
		{78F68087-7D72-47B3-9700-DC9030302BA1}.Release|Any CPU.Build.0 = Release|Any CPU
	EndGlobalSection
	GlobalSection(SolutionProperties) = preSolution
		HideSolutionNode = FALSE
	EndGlobalSection
	GlobalSection(ExtensibilityGlobals) = postSolution
		SolutionGuid = {32E742A2-0488-476D-91D9-7195E26B1D38}
	EndGlobalSection
EndGlobal
